
Microsoft Visual Studio Solution File, Format Version 12.00
# Visual Studio 14
VisualStudioVersion = 14.0.25420.1
MinimumVisualStudioVersion = 10.0.40219.1
Project("{FAE04EC0-301F-11D3-BF4B-00C04F79EFBC}") = "Ex2_1", "Ex2_1\Ex2_1.csproj", "{DF5A33F3-B876-4B4F-97D1-9020E595CB26}"
EndProject
Project("{FAE04EC0-301F-11D3-BF4B-00C04F79EFBC}") = "Ex2_2", "Ex2_2\Ex2_2.csproj", "{891AE006-836A-4339-B114-C1516E1AA257}"
EndProject
Project("{FAE04EC0-301F-11D3-BF4B-00C04F79EFBC}") = "Ex2_3", "Ex2_3\Ex2_3.csproj", "{274306B4-7EBA-45BC-80D9-AD9E53AE4991}"
EndProject
Project("{FAE04EC0-301F-11D3-BF4B-00C04F79EFBC}") = "Ex2_5", "Ex2_5\Ex2_5.csproj", "{28008693-6B73-4C38-A7B5-67696F2DEA0F}"
EndProject
Project("{FAE04EC0-301F-11D3-BF4B-00C04F79EFBC}") = "Ex2_19", "Ex2_19\Ex2_19.csproj", "{77D20DEC-8316-4762-81F9-DA864195ECD7}"
EndProject
Global
	GlobalSection(SolutionConfigurationPlatforms) = preSolution
		Debug|Any CPU = Debug|Any CPU
		Release|Any CPU = Release|Any CPU
	EndGlobalSection
	GlobalSection(ProjectConfigurationPlatforms) = postSolution
		{DF5A33F3-B876-4B4F-97D1-9020E595CB26}.Debug|Any CPU.ActiveCfg = Debug|Any CPU
		{DF5A33F3-B876-4B4F-97D1-9020E595CB26}.Debug|Any CPU.Build.0 = Debug|Any CPU
		{DF5A33F3-B876-4B4F-97D1-9020E595CB26}.Release|Any CPU.ActiveCfg = Release|Any CPU
		{DF5A33F3-B876-4B4F-97D1-9020E595CB26}.Release|Any CPU.Build.0 = Release|Any CPU
		{891AE006-836A-4339-B114-C1516E1AA257}.Debug|Any CPU.ActiveCfg = Debug|Any CPU
		{891AE006-836A-4339-B114-C1516E1AA257}.Debug|Any CPU.Build.0 = Debug|Any CPU
		{891AE006-836A-4339-B114-C1516E1AA257}.Release|Any CPU.ActiveCfg = Release|Any CPU
		{891AE006-836A-4339-B114-C1516E1AA257}.Release|Any CPU.Build.0 = Release|Any CPU
		{274306B4-7EBA-45BC-80D9-AD9E53AE4991}.Debug|Any CPU.ActiveCfg = Debug|Any CPU
		{274306B4-7EBA-45BC-80D9-AD9E53AE4991}.Debug|Any CPU.Build.0 = Debug|Any CPU
		{274306B4-7EBA-45BC-80D9-AD9E53AE4991}.Release|Any CPU.ActiveCfg = Release|Any CPU
		{274306B4-7EBA-45BC-80D9-AD9E53AE4991}.Release|Any CPU.Build.0 = Release|Any CPU
		{28008693-6B73-4C38-A7B5-67696F2DEA0F}.Debug|Any CPU.ActiveCfg = Debug|Any CPU
		{28008693-6B73-4C38-A7B5-67696F2DEA0F}.Debug|Any CPU.Build.0 = Debug|Any CPU
		{28008693-6B73-4C38-A7B5-67696F2DEA0F}.Release|Any CPU.ActiveCfg = Release|Any CPU
		{28008693-6B73-4C38-A7B5-67696F2DEA0F}.Release|Any CPU.Build.0 = Release|Any CPU
		{77D20DEC-8316-4762-81F9-DA864195ECD7}.Debug|Any CPU.ActiveCfg = Debug|Any CPU
		{77D20DEC-8316-4762-81F9-DA864195ECD7}.Debug|Any CPU.Build.0 = Debug|Any CPU
		{77D20DEC-8316-4762-81F9-DA864195ECD7}.Release|Any CPU.ActiveCfg = Release|Any CPU
		{77D20DEC-8316-4762-81F9-DA864195ECD7}.Release|Any CPU.Build.0 = Release|Any CPU
	EndGlobalSection
	GlobalSection(SolutionProperties) = preSolution
		HideSolutionNode = FALSE
	EndGlobalSection
EndGlobal
