
Microsoft Visual Studio Solution File, Format Version 12.00
# Visual Studio 14
VisualStudioVersion = 14.0.24720.0
MinimumVisualStudioVersion = 10.0.40219.1
Project("{FAE04EC0-301F-11D3-BF4B-00C04F79EFBC}") = "S3_3_LinqToXml", "S3_3_LinqToXml\S3_3_LinqToXml.csproj", "{14EF6885-2132-4DA3-8915-E5294A047545}"
EndProject
Global
	GlobalSection(SolutionConfigurationPlatforms) = preSolution
		Debug|Any CPU = Debug|Any CPU
		Release|Any CPU = Release|Any CPU
	EndGlobalSection
	GlobalSection(ProjectConfigurationPlatforms) = postSolution
		{14EF6885-2132-4DA3-8915-E5294A047545}.Debug|Any CPU.ActiveCfg = Debug|Any CPU
		{14EF6885-2132-4DA3-8915-E5294A047545}.Debug|Any CPU.Build.0 = Debug|Any CPU
		{14EF6885-2132-4DA3-8915-E5294A047545}.Release|Any CPU.ActiveCfg = Release|Any CPU
		{14EF6885-2132-4DA3-8915-E5294A047545}.Release|Any CPU.Build.0 = Release|Any CPU
	EndGlobalSection
	GlobalSection(SolutionProperties) = preSolution
		HideSolutionNode = FALSE
	EndGlobalSection
EndGlobal
