
Microsoft Visual Studio Solution File, Format Version 12.00
# Visual Studio 14
VisualStudioVersion = 14.0.25420.1
MinimumVisualStudioVersion = 10.0.40219.1
Project("{FAE04EC0-301F-11D3-BF4B-00C04F79EFBC}") = "Ex3_1", "Ex3_1\Ex3_1.csproj", "{B42E1CEE-59F0-4B6A-B66F-B403F6F6B072}"
EndProject
Project("{FAE04EC0-301F-11D3-BF4B-00C04F79EFBC}") = "Ex3_2", "Ex3_2\Ex3_2.csproj", "{2095E269-54E8-475E-B697-65BB35711092}"
EndProject
Project("{FAE04EC0-301F-11D3-BF4B-00C04F79EFBC}") = "Ex3_3", "Ex3_3\Ex3_3.csproj", "{BB8BAB2B-9D35-4B17-853A-823878342FB0}"
EndProject
Project("{FAE04EC0-301F-11D3-BF4B-00C04F79EFBC}") = "Ex3_4", "Ex3_4\Ex3_4.csproj", "{B9EB93F5-A52E-4673-99EB-EF275490EF68}"
EndProject
Project("{FAE04EC0-301F-11D3-BF4B-00C04F79EFBC}") = "Ex3_5", "Ex3_5\Ex3_5.csproj", "{B26B68AC-3B8C-4417-B88D-4474BF453A7D}"
EndProject
Project("{FAE04EC0-301F-11D3-BF4B-00C04F79EFBC}") = "Ex3_6", "Ex3_6\Ex3_6.csproj", "{FCBD90EC-CE2D-42B8-993F-D8BC9A4E6781}"
EndProject
Global
	GlobalSection(SolutionConfigurationPlatforms) = preSolution
		Debug|Any CPU = Debug|Any CPU
		Release|Any CPU = Release|Any CPU
	EndGlobalSection
	GlobalSection(ProjectConfigurationPlatforms) = postSolution
		{B42E1CEE-59F0-4B6A-B66F-B403F6F6B072}.Debug|Any CPU.ActiveCfg = Debug|Any CPU
		{B42E1CEE-59F0-4B6A-B66F-B403F6F6B072}.Debug|Any CPU.Build.0 = Debug|Any CPU
		{B42E1CEE-59F0-4B6A-B66F-B403F6F6B072}.Release|Any CPU.ActiveCfg = Release|Any CPU
		{B42E1CEE-59F0-4B6A-B66F-B403F6F6B072}.Release|Any CPU.Build.0 = Release|Any CPU
		{2095E269-54E8-475E-B697-65BB35711092}.Debug|Any CPU.ActiveCfg = Debug|Any CPU
		{2095E269-54E8-475E-B697-65BB35711092}.Debug|Any CPU.Build.0 = Debug|Any CPU
		{2095E269-54E8-475E-B697-65BB35711092}.Release|Any CPU.ActiveCfg = Release|Any CPU
		{2095E269-54E8-475E-B697-65BB35711092}.Release|Any CPU.Build.0 = Release|Any CPU
		{BB8BAB2B-9D35-4B17-853A-823878342FB0}.Debug|Any CPU.ActiveCfg = Debug|Any CPU
		{BB8BAB2B-9D35-4B17-853A-823878342FB0}.Debug|Any CPU.Build.0 = Debug|Any CPU
		{BB8BAB2B-9D35-4B17-853A-823878342FB0}.Release|Any CPU.ActiveCfg = Release|Any CPU
		{BB8BAB2B-9D35-4B17-853A-823878342FB0}.Release|Any CPU.Build.0 = Release|Any CPU
		{B9EB93F5-A52E-4673-99EB-EF275490EF68}.Debug|Any CPU.ActiveCfg = Debug|Any CPU
		{B9EB93F5-A52E-4673-99EB-EF275490EF68}.Debug|Any CPU.Build.0 = Debug|Any CPU
		{B9EB93F5-A52E-4673-99EB-EF275490EF68}.Release|Any CPU.ActiveCfg = Release|Any CPU
		{B9EB93F5-A52E-4673-99EB-EF275490EF68}.Release|Any CPU.Build.0 = Release|Any CPU
		{B26B68AC-3B8C-4417-B88D-4474BF453A7D}.Debug|Any CPU.ActiveCfg = Debug|Any CPU
		{B26B68AC-3B8C-4417-B88D-4474BF453A7D}.Debug|Any CPU.Build.0 = Debug|Any CPU
		{B26B68AC-3B8C-4417-B88D-4474BF453A7D}.Release|Any CPU.ActiveCfg = Release|Any CPU
		{B26B68AC-3B8C-4417-B88D-4474BF453A7D}.Release|Any CPU.Build.0 = Release|Any CPU
		{FCBD90EC-CE2D-42B8-993F-D8BC9A4E6781}.Debug|Any CPU.ActiveCfg = Debug|Any CPU
		{FCBD90EC-CE2D-42B8-993F-D8BC9A4E6781}.Debug|Any CPU.Build.0 = Debug|Any CPU
		{FCBD90EC-CE2D-42B8-993F-D8BC9A4E6781}.Release|Any CPU.ActiveCfg = Release|Any CPU
		{FCBD90EC-CE2D-42B8-993F-D8BC9A4E6781}.Release|Any CPU.Build.0 = Release|Any CPU
	EndGlobalSection
	GlobalSection(SolutionProperties) = preSolution
		HideSolutionNode = FALSE
	EndGlobalSection
EndGlobal
