
Microsoft Visual Studio Solution File, Format Version 12.00
# Visual Studio 14
VisualStudioVersion = 14.0.25420.1
MinimumVisualStudioVersion = 10.0.40219.1
Project("{FAE04EC0-301F-11D3-BF4B-00C04F79EFBC}") = "List11_11", "List11_11\List11_11.csproj", "{EB006289-2861-4E47-A4B7-2ABECE522440}"
EndProject
Project("{FAE04EC0-301F-11D3-BF4B-00C04F79EFBC}") = "List11_12", "List11_12\List11_12.csproj", "{C71D3244-69CC-40AA-A87D-41EAE5A5863B}"
EndProject
Global
	GlobalSection(SolutionConfigurationPlatforms) = preSolution
		Debug|Any CPU = Debug|Any CPU
		Release|Any CPU = Release|Any CPU
	EndGlobalSection
	GlobalSection(ProjectConfigurationPlatforms) = postSolution
		{EB006289-2861-4E47-A4B7-2ABECE522440}.Debug|Any CPU.ActiveCfg = Debug|Any CPU
		{EB006289-2861-4E47-A4B7-2ABECE522440}.Debug|Any CPU.Build.0 = Debug|Any CPU
		{EB006289-2861-4E47-A4B7-2ABECE522440}.Release|Any CPU.ActiveCfg = Release|Any CPU
		{EB006289-2861-4E47-A4B7-2ABECE522440}.Release|Any CPU.Build.0 = Release|Any CPU
		{C71D3244-69CC-40AA-A87D-41EAE5A5863B}.Debug|Any CPU.ActiveCfg = Debug|Any CPU
		{C71D3244-69CC-40AA-A87D-41EAE5A5863B}.Debug|Any CPU.Build.0 = Debug|Any CPU
		{C71D3244-69CC-40AA-A87D-41EAE5A5863B}.Release|Any CPU.ActiveCfg = Release|Any CPU
		{C71D3244-69CC-40AA-A87D-41EAE5A5863B}.Release|Any CPU.Build.0 = Release|Any CPU
	EndGlobalSection
	GlobalSection(SolutionProperties) = preSolution
		HideSolutionNode = FALSE
	EndGlobalSection
EndGlobal
